
Microsoft Visual Studio Solution File, Format Version 12.00
# Visual Studio Version 17
VisualStudioVersion = 17.1.32328.378
MinimumVisualStudioVersion = 10.0.40219.1
Project("{FAE04EC0-301F-11D3-BF4B-00C04F79EFBC}") = "StarWarsUniverse_v2", "StarWarsUniverse_v2\StarWarsUniverse_v2.csproj", "{AB303460-4BFD-4BCE-BE96-CB8CF4E3975A}"
EndProject
Project("{9A19103F-16F7-4668-BE54-9A1E7A4F7556}") = "StarWarsCharacterModels", "StarWarsCharacterModels\StarWarsCharacterModels.csproj", "{DE741F46-EBBA-4DF1-B74B-D87FBC1BFE5D}"
EndProject
Global
	GlobalSection(SolutionConfigurationPlatforms) = preSolution
		Debug|Any CPU = Debug|Any CPU
		Release|Any CPU = Release|Any CPU
	EndGlobalSection
	GlobalSection(ProjectConfigurationPlatforms) = postSolution
		{AB303460-4BFD-4BCE-BE96-CB8CF4E3975A}.Debug|Any CPU.ActiveCfg = Debug|Any CPU
		{AB303460-4BFD-4BCE-BE96-CB8CF4E3975A}.Debug|Any CPU.Build.0 = Debug|Any CPU
		{AB303460-4BFD-4BCE-BE96-CB8CF4E3975A}.Release|Any CPU.ActiveCfg = Release|Any CPU
		{AB303460-4BFD-4BCE-BE96-CB8CF4E3975A}.Release|Any CPU.Build.0 = Release|Any CPU
		{DE741F46-EBBA-4DF1-B74B-D87FBC1BFE5D}.Debug|Any CPU.ActiveCfg = Debug|Any CPU
		{DE741F46-EBBA-4DF1-B74B-D87FBC1BFE5D}.Debug|Any CPU.Build.0 = Debug|Any CPU
		{DE741F46-EBBA-4DF1-B74B-D87FBC1BFE5D}.Release|Any CPU.ActiveCfg = Release|Any CPU
		{DE741F46-EBBA-4DF1-B74B-D87FBC1BFE5D}.Release|Any CPU.Build.0 = Release|Any CPU
	EndGlobalSection
	GlobalSection(SolutionProperties) = preSolution
		HideSolutionNode = FALSE
	EndGlobalSection
	GlobalSection(ExtensibilityGlobals) = postSolution
		SolutionGuid = {1487BCF0-042D-47D3-A4E8-0F34C1CA7714}
	EndGlobalSection
EndGlobal
